# ADT: Lock path is not implemented, no path: Lock knowledge exists

#- type: listing
#  id: KnowledgePathStartLock
#  name: knowledge-path-lock-s1-name
#  description: knowledge-path-lock-s1-desc
#  icon: { sprite: ADT/Heretic/Blades/blade_lock.rsi, state: icon }
#  #productHereticKnowledge:
#  cost:
#    KnowledgePoint: 1
#  categories:
#  - HereticPathLock
#  conditions:
#  - !type:ListingLimitedStockCondition
#    stock: 1
#  - !type:HereticPathCondition
#    stage: 0
#    blacklist:
#    - Ash
#    - Blade
#    - Flesh
#    - Lock
#    - Void
#    - Rust # ADT
#    - Cosmos # ADT
